// !$*UTF8*$!
{
	archiveVersion = 1;
	classes = {
	};
	objectVersion = 48;
	objects = {

/* Begin PBXBuildFile section */
		F44D85341FF01924006E6CA2 /* SPFIARParser.c in Sources */ = {isa = PBXBuildFile; fileRef = F44D845E1FF01921006E6CA2 /* SPFIARParser.c */; };
		F44D85351FF01924006E6CA2 /* makefile in Sources */ = {isa = PBXBuildFile; fileRef = F44D845F1FF01921006E6CA2 /* makefile */; };
		F44D85361FF01924006E6CA2 /* SPArrayListUnitTest.c in Sources */ = {isa = PBXBuildFile; fileRef = F44D84601FF01921006E6CA2 /* SPArrayListUnitTest.c */; };
		F44D85371FF01924006E6CA2 /* main.c in Sources */ = {isa = PBXBuildFile; fileRef = F44D84621FF01921006E6CA2 /* main.c */; };
		F44D85381FF01924006E6CA2 /* SPMainAux.c in Sources */ = {isa = PBXBuildFile; fileRef = F44D85221FF01922006E6CA2 /* SPMainAux.c */; };
		F44D85391FF01924006E6CA2 /* SPFIARGameUnitTest.c in Sources */ = {isa = PBXBuildFile; fileRef = F44D852C1FF01923006E6CA2 /* SPFIARGameUnitTest.c */; };
		F44D853A1FF01924006E6CA2 /* SPMinimax.c in Sources */ = {isa = PBXBuildFile; fileRef = F44D852D1FF01923006E6CA2 /* SPMinimax.c */; };
		F44D853B1FF01924006E6CA2 /* SPArrayList.c in Sources */ = {isa = PBXBuildFile; fileRef = F44D852F1FF01923006E6CA2 /* SPArrayList.c */; };
		F44D853C1FF01924006E6CA2 /* SPMinimaxNode.c in Sources */ = {isa = PBXBuildFile; fileRef = F44D85311FF01924006E6CA2 /* SPMinimaxNode.c */; };
		F44D853D1FF01924006E6CA2 /* SPFIARParserUnitTest.c in Sources */ = {isa = PBXBuildFile; fileRef = F44D85321FF01924006E6CA2 /* SPFIARParserUnitTest.c */; };
		F44D853E1FF01924006E6CA2 /* SPFIARGame.c in Sources */ = {isa = PBXBuildFile; fileRef = F44D85331FF01924006E6CA2 /* SPFIARGame.c */; };
/* End PBXBuildFile section */

/* Begin PBXCopyFilesBuildPhase section */
		F44D84491FF018C6006E6CA2 /* CopyFiles */ = {
			isa = PBXCopyFilesBuildPhase;
			buildActionMask = 2147483647;
			dstPath = /usr/share/man/man1/;
			dstSubfolderSpec = 0;
			files = (
			);
			runOnlyForDeploymentPostprocessing = 1;
		};
/* End PBXCopyFilesBuildPhase section */

/* Begin PBXFileReference section */
		F44D844B1FF018C6006E6CA2 /* project */ = {isa = PBXFileReference; explicitFileType = "compiled.mach-o.executable"; includeInIndex = 0; path = project; sourceTree = BUILT_PRODUCTS_DIR; };
		F44D84551FF01920006E6CA2 /* SPMinimaxNode.h */ = {isa = PBXFileReference; fileEncoding = 4; lastKnownFileType = sourcecode.c.h; path = SPMinimaxNode.h; sourceTree = SOURCE_ROOT; };
		F44D84571FF01920006E6CA2 /* CMakeCache.txt */ = {isa = PBXFileReference; fileEncoding = 4; lastKnownFileType = text; path = CMakeCache.txt; sourceTree = "<group>"; };
		F44D84591FF01920006E6CA2 /* clion-environment.txt */ = {isa = PBXFileReference; fileEncoding = 4; lastKnownFileType = text; path = "clion-environment.txt"; sourceTree = "<group>"; };
		F44D845A1FF01920006E6CA2 /* clion-log.txt */ = {isa = PBXFileReference; fileEncoding = 4; lastKnownFileType = text; path = "clion-log.txt"; sourceTree = "<group>"; };
		F44D845B1FF01920006E6CA2 /* cmake.check_cache */ = {isa = PBXFileReference; fileEncoding = 4; lastKnownFileType = text; path = cmake.check_cache; sourceTree = "<group>"; };
		F44D845C1FF01920006E6CA2 /* SPFIARGame.h */ = {isa = PBXFileReference; fileEncoding = 4; lastKnownFileType = sourcecode.c.h; path = SPFIARGame.h; sourceTree = SOURCE_ROOT; };
		F44D845D1FF01921006E6CA2 /* unit_test_util.h */ = {isa = PBXFileReference; fileEncoding = 4; lastKnownFileType = sourcecode.c.h; path = unit_test_util.h; sourceTree = SOURCE_ROOT; };
		F44D845E1FF01921006E6CA2 /* SPFIARParser.c */ = {isa = PBXFileReference; fileEncoding = 4; lastKnownFileType = sourcecode.c.c; path = SPFIARParser.c; sourceTree = SOURCE_ROOT; };
		F44D845F1FF01921006E6CA2 /* makefile */ = {isa = PBXFileReference; fileEncoding = 4; lastKnownFileType = sourcecode.make; path = makefile; sourceTree = SOURCE_ROOT; };
		F44D84601FF01921006E6CA2 /* SPArrayListUnitTest.c */ = {isa = PBXFileReference; fileEncoding = 4; lastKnownFileType = sourcecode.c.c; path = SPArrayListUnitTest.c; sourceTree = SOURCE_ROOT; };
		F44D84611FF01921006E6CA2 /* SPMinimax.h */ = {isa = PBXFileReference; fileEncoding = 4; lastKnownFileType = sourcecode.c.h; path = SPMinimax.h; sourceTree = SOURCE_ROOT; };
		F44D84621FF01921006E6CA2 /* main.c */ = {isa = PBXFileReference; fileEncoding = 4; lastKnownFileType = sourcecode.c.c; path = main.c; sourceTree = SOURCE_ROOT; };
		F44D84631FF01921006E6CA2 /* SPMainAux.h */ = {isa = PBXFileReference; fileEncoding = 4; lastKnownFileType = sourcecode.c.h; path = SPMainAux.h; sourceTree = SOURCE_ROOT; };
		F44D84661FF01921006E6CA2 /* config */ = {isa = PBXFileReference; fileEncoding = 4; lastKnownFileType = text; path = config; sourceTree = "<group>"; };
		F44D84671FF01921006E6CA2 /* description */ = {isa = PBXFileReference; fileEncoding = 4; lastKnownFileType = text; path = description; sourceTree = "<group>"; };
		F44D84681FF01921006E6CA2 /* HEAD */ = {isa = PBXFileReference; fileEncoding = 4; lastKnownFileType = text; path = HEAD; sourceTree = "<group>"; };
		F44D846A1FF01921006E6CA2 /* applypatch-msg.sample */ = {isa = PBXFileReference; fileEncoding = 4; lastKnownFileType = text.script.sh; path = "applypatch-msg.sample"; sourceTree = "<group>"; };
		F44D846B1FF01921006E6CA2 /* commit-msg.sample */ = {isa = PBXFileReference; fileEncoding = 4; lastKnownFileType = text.script.sh; path = "commit-msg.sample"; sourceTree = "<group>"; };
		F44D846C1FF01921006E6CA2 /* post-update.sample */ = {isa = PBXFileReference; fileEncoding = 4; lastKnownFileType = text.script.sh; path = "post-update.sample"; sourceTree = "<group>"; };
		F44D846D1FF01921006E6CA2 /* pre-applypatch.sample */ = {isa = PBXFileReference; fileEncoding = 4; lastKnownFileType = text.script.sh; path = "pre-applypatch.sample"; sourceTree = "<group>"; };
		F44D846E1FF01921006E6CA2 /* pre-commit.sample */ = {isa = PBXFileReference; fileEncoding = 4; lastKnownFileType = text.script.sh; path = "pre-commit.sample"; sourceTree = "<group>"; };
		F44D846F1FF01921006E6CA2 /* pre-push.sample */ = {isa = PBXFileReference; fileEncoding = 4; lastKnownFileType = text.script.sh; path = "pre-push.sample"; sourceTree = "<group>"; };
		F44D84701FF01921006E6CA2 /* pre-rebase.sample */ = {isa = PBXFileReference; fileEncoding = 4; lastKnownFileType = text.script.sh; path = "pre-rebase.sample"; sourceTree = "<group>"; };
		F44D84711FF01921006E6CA2 /* pre-receive.sample */ = {isa = PBXFileReference; fileEncoding = 4; lastKnownFileType = text.script.sh; path = "pre-receive.sample"; sourceTree = "<group>"; };
		F44D84721FF01921006E6CA2 /* prepare-commit-msg.sample */ = {isa = PBXFileReference; fileEncoding = 4; lastKnownFileType = text.script.sh; path = "prepare-commit-msg.sample"; sourceTree = "<group>"; };
		F44D84731FF01921006E6CA2 /* update.sample */ = {isa = PBXFileReference; fileEncoding = 4; lastKnownFileType = text.script.sh; path = update.sample; sourceTree = "<group>"; };
		F44D84741FF01921006E6CA2 /* index */ = {isa = PBXFileReference; lastKnownFileType = file; path = index; sourceTree = "<group>"; };
		F44D84761FF01922006E6CA2 /* exclude */ = {isa = PBXFileReference; fileEncoding = 4; lastKnownFileType = text; path = exclude; sourceTree = "<group>"; };
		F44D84781FF01922006E6CA2 /* HEAD */ = {isa = PBXFileReference; fileEncoding = 4; lastKnownFileType = text; path = HEAD; sourceTree = "<group>"; };
		F44D847B1FF01922006E6CA2 /* master */ = {isa = PBXFileReference; fileEncoding = 4; lastKnownFileType = text; path = master; sourceTree = "<group>"; };
		F44D847E1FF01922006E6CA2 /* HEAD */ = {isa = PBXFileReference; fileEncoding = 4; lastKnownFileType = text; path = HEAD; sourceTree = "<group>"; };
		F44D84811FF01922006E6CA2 /* 3005cfd53059de281fd19b259fbad03d6f4e0f */ = {isa = PBXFileReference; fileEncoding = 4; lastKnownFileType = text; path = 3005cfd53059de281fd19b259fbad03d6f4e0f; sourceTree = "<group>"; };
		F44D84831FF01922006E6CA2 /* 3ee3a7ebe9ae662d1552d8ee1160884bcf2006 */ = {isa = PBXFileReference; lastKnownFileType = file; path = 3ee3a7ebe9ae662d1552d8ee1160884bcf2006; sourceTree = "<group>"; };
		F44D84851FF01922006E6CA2 /* 1dd3185d942a4dc6407fa17d83baea5aa4f018 */ = {isa = PBXFileReference; fileEncoding = 4; lastKnownFileType = text; path = 1dd3185d942a4dc6407fa17d83baea5aa4f018; sourceTree = "<group>"; };
		F44D84861FF01922006E6CA2 /* 48c5b5b366e4278e35dfd6ed10227d357631fb */ = {isa = PBXFileReference; lastKnownFileType = file; path = 48c5b5b366e4278e35dfd6ed10227d357631fb; sourceTree = "<group>"; };
		F44D84881FF01922006E6CA2 /* f66b9749344e675920a00b5f43b569975e76df */ = {isa = PBXFileReference; lastKnownFileType = file; path = f66b9749344e675920a00b5f43b569975e76df; sourceTree = "<group>"; };
		F44D848A1FF01922006E6CA2 /* daa51ef79d2c613c1a9f18f61dad8ab97e5d2b */ = {isa = PBXFileReference; lastKnownFileType = file; path = daa51ef79d2c613c1a9f18f61dad8ab97e5d2b; sourceTree = "<group>"; };
		F44D848C1FF01922006E6CA2 /* c479ff8f6bb7d5348e739e3572ff263fe973f9 */ = {isa = PBXFileReference; lastKnownFileType = file; path = c479ff8f6bb7d5348e739e3572ff263fe973f9; sourceTree = "<group>"; };
		F44D848E1FF01922006E6CA2 /* 7bcd14761df7fabaa4580ec29a3504eb2e9e19 */ = {isa = PBXFileReference; lastKnownFileType = file; path = 7bcd14761df7fabaa4580ec29a3504eb2e9e19; sourceTree = "<group>"; };
		F44D84901FF01922006E6CA2 /* b33fcb105ec78e2e9a83339a2c53ea69a3cb9c */ = {isa = PBXFileReference; lastKnownFileType = file; path = b33fcb105ec78e2e9a83339a2c53ea69a3cb9c; sourceTree = "<group>"; };
		F44D84921FF01922006E6CA2 /* 9a9c5b66cf6fe7f87d9bcbc6fa6ffc227fb253 */ = {isa = PBXFileReference; lastKnownFileType = file; path = 9a9c5b66cf6fe7f87d9bcbc6fa6ffc227fb253; sourceTree = "<group>"; };
		F44D84941FF01922006E6CA2 /* cd8e05e0340dbe2e23df5dd885b28837eefdd3 */ = {isa = PBXFileReference; lastKnownFileType = file; path = cd8e05e0340dbe2e23df5dd885b28837eefdd3; sourceTree = "<group>"; };
		F44D84961FF01922006E6CA2 /* 265fbbe7eb59e07d5184ed798a6d5e6cdc35fd */ = {isa = PBXFileReference; lastKnownFileType = file; path = 265fbbe7eb59e07d5184ed798a6d5e6cdc35fd; sourceTree = "<group>"; };
		F44D84981FF01922006E6CA2 /* 14246e2e4ab5e26ef4f71ab1bd57b61fe1eaa1 */ = {isa = PBXFileReference; lastKnownFileType = file; path = 14246e2e4ab5e26ef4f71ab1bd57b61fe1eaa1; sourceTree = "<group>"; };
		F44D849A1FF01922006E6CA2 /* 7977d433c2b66f49c074c23182d61f5d285c47 */ = {isa = PBXFileReference; lastKnownFileType = file; path = 7977d433c2b66f49c074c23182d61f5d285c47; sourceTree = "<group>"; };
		F44D849C1FF01922006E6CA2 /* c9a3736817559dd49bd079e40cdc062593c63a */ = {isa = PBXFileReference; lastKnownFileType = file; path = c9a3736817559dd49bd079e40cdc062593c63a; sourceTree = "<group>"; };
		F44D849E1FF01922006E6CA2 /* e70bf87d8fbfcba35335a01d2d7663bb54986a */ = {isa = PBXFileReference; lastKnownFileType = file; path = e70bf87d8fbfcba35335a01d2d7663bb54986a; sourceTree = "<group>"; };
		F44D84A01FF01922006E6CA2 /* 26e67da69046cbe2187f40c825ce50b216af5f */ = {isa = PBXFileReference; lastKnownFileType = file; path = 26e67da69046cbe2187f40c825ce50b216af5f; sourceTree = "<group>"; };
		F44D84A21FF01922006E6CA2 /* 5b62cb7cd4140bde3db9efa94b364c13e55f23 */ = {isa = PBXFileReference; lastKnownFileType = file; path = 5b62cb7cd4140bde3db9efa94b364c13e55f23; sourceTree = "<group>"; };
		F44D84A41FF01922006E6CA2 /* 69f13536908a61dc9dbe631560c03dde3ac68d */ = {isa = PBXFileReference; lastKnownFileType = file; path = 69f13536908a61dc9dbe631560c03dde3ac68d; sourceTree = "<group>"; };
		F44D84A61FF01922006E6CA2 /* b824986cfc7f3c8a6ca0e18172e9ee7f4611c3 */ = {isa = PBXFileReference; lastKnownFileType = file; path = b824986cfc7f3c8a6ca0e18172e9ee7f4611c3; sourceTree = "<group>"; };
		F44D84A81FF01922006E6CA2 /* ccd731726d7faa8b29d8d7dba3b981a53ca497 */ = {isa = PBXFileReference; lastKnownFileType = file; path = ccd731726d7faa8b29d8d7dba3b981a53ca497; sourceTree = "<group>"; };
		F44D84AA1FF01922006E6CA2 /* 3d50f615873e444a2f1dd58c97bd647918cf6c */ = {isa = PBXFileReference; lastKnownFileType = file; path = 3d50f615873e444a2f1dd58c97bd647918cf6c; sourceTree = "<group>"; };
		F44D84AB1FF01922006E6CA2 /* d51080a8a0170726305510e717f7ca079be5fa */ = {isa = PBXFileReference; lastKnownFileType = file; path = d51080a8a0170726305510e717f7ca079be5fa; sourceTree = "<group>"; };
		F44D84AD1FF01922006E6CA2 /* fea8f6dba7cdd2a483aa71e748d28e628766eb */ = {isa = PBXFileReference; lastKnownFileType = file; path = fea8f6dba7cdd2a483aa71e748d28e628766eb; sourceTree = "<group>"; };
		F44D84AF1FF01922006E6CA2 /* 321d0ce258ec6eaf81f3542c499e09fab01ca6 */ = {isa = PBXFileReference; lastKnownFileType = file; path = 321d0ce258ec6eaf81f3542c499e09fab01ca6; sourceTree = "<group>"; };
		F44D84B11FF01922006E6CA2 /* 2b605f6c014322416843b50469f1fee85db2f3 */ = {isa = PBXFileReference; lastKnownFileType = file; path = 2b605f6c014322416843b50469f1fee85db2f3; sourceTree = "<group>"; };
		F44D84B31FF01922006E6CA2 /* 99480fc7e4e5825caa161e3a669460e06e5b25 */ = {isa = PBXFileReference; lastKnownFileType = file; path = 99480fc7e4e5825caa161e3a669460e06e5b25; sourceTree = "<group>"; };
		F44D84B51FF01922006E6CA2 /* 854b6086c6455e87d75284c91a88f472776d2e */ = {isa = PBXFileReference; lastKnownFileType = file; path = 854b6086c6455e87d75284c91a88f472776d2e; sourceTree = "<group>"; };
		F44D84B71FF01922006E6CA2 /* 7b7622afb2b3cf00a71a3b68f6e184dfc0adf4 */ = {isa = PBXFileReference; lastKnownFileType = file; path = 7b7622afb2b3cf00a71a3b68f6e184dfc0adf4; sourceTree = "<group>"; };
		F44D84B91FF01922006E6CA2 /* 5f41ec6c8d7369879b233df96c5f1ac275aa53 */ = {isa = PBXFileReference; fileEncoding = 4; lastKnownFileType = text; path = 5f41ec6c8d7369879b233df96c5f1ac275aa53; sourceTree = "<group>"; };
		F44D84BB1FF01922006E6CA2 /* 832b928fc7591bb6838f3296cf62b33ead6e14 */ = {isa = PBXFileReference; lastKnownFileType = file; path = 832b928fc7591bb6838f3296cf62b33ead6e14; sourceTree = "<group>"; };
		F44D84BD1FF01922006E6CA2 /* b0900746698fb89869a8cb6cd98de2af5f425a */ = {isa = PBXFileReference; lastKnownFileType = file; path = b0900746698fb89869a8cb6cd98de2af5f425a; sourceTree = "<group>"; };
		F44D84BF1FF01922006E6CA2 /* 085eddd00b3389d509af76d14e358dd7cfdf87 */ = {isa = PBXFileReference; lastKnownFileType = file; path = 085eddd00b3389d509af76d14e358dd7cfdf87; sourceTree = "<group>"; };
		F44D84C11FF01922006E6CA2 /* 39da9c9bafaec97c44588a46b52033550d3f63 */ = {isa = PBXFileReference; lastKnownFileType = file; path = 39da9c9bafaec97c44588a46b52033550d3f63; sourceTree = "<group>"; };
		F44D84C31FF01922006E6CA2 /* 6c4e2ce22a423686d62ba7ad41a7cefe3d45b1 */ = {isa = PBXFileReference; lastKnownFileType = file; path = 6c4e2ce22a423686d62ba7ad41a7cefe3d45b1; sourceTree = "<group>"; };
		F44D84C51FF01922006E6CA2 /* f1bf97624c91f56c1c4a360b2e4afd24e08a52 */ = {isa = PBXFileReference; lastKnownFileType = file; path = f1bf97624c91f56c1c4a360b2e4afd24e08a52; sourceTree = "<group>"; };
		F44D84C71FF01922006E6CA2 /* c60c02b557e27f1eda2ce94c5588f8f2459a78 */ = {isa = PBXFileReference; lastKnownFileType = file; path = c60c02b557e27f1eda2ce94c5588f8f2459a78; sourceTree = "<group>"; };
		F44D84C91FF01922006E6CA2 /* 52a960bae877e6652f7b5a6df53b5f1dd2dc2d */ = {isa = PBXFileReference; lastKnownFileType = file; path = 52a960bae877e6652f7b5a6df53b5f1dd2dc2d; sourceTree = "<group>"; };
		F44D84CB1FF01922006E6CA2 /* cfc8d70078f203da087c41072e80300a1072a3 */ = {isa = PBXFileReference; lastKnownFileType = file; path = cfc8d70078f203da087c41072e80300a1072a3; sourceTree = "<group>"; };
		F44D84CD1FF01922006E6CA2 /* 8d68e20994ae416fdc5dcef04df6f2c0ed1c52 */ = {isa = PBXFileReference; lastKnownFileType = file; path = 8d68e20994ae416fdc5dcef04df6f2c0ed1c52; sourceTree = "<group>"; };
		F44D84CE1FF01922006E6CA2 /* 9cf4cdef3b976a4d7756fd02099c4b3e5415d2 */ = {isa = PBXFileReference; lastKnownFileType = file; path = 9cf4cdef3b976a4d7756fd02099c4b3e5415d2; sourceTree = "<group>"; };
		F44D84D01FF01922006E6CA2 /* 470d93cbeb0de86e56b03460bed2b48a54eb42 */ = {isa = PBXFileReference; lastKnownFileType = file; path = 470d93cbeb0de86e56b03460bed2b48a54eb42; sourceTree = "<group>"; };
		F44D84D21FF01922006E6CA2 /* b3c94830bab93d40d0770f2765540fe24ed423 */ = {isa = PBXFileReference; lastKnownFileType = file; path = b3c94830bab93d40d0770f2765540fe24ed423; sourceTree = "<group>"; };
		F44D84D41FF01922006E6CA2 /* 049941a437317e711acd09c9a1318d1bde50ba */ = {isa = PBXFileReference; lastKnownFileType = file; path = 049941a437317e711acd09c9a1318d1bde50ba; sourceTree = "<group>"; };
		F44D84D61FF01922006E6CA2 /* f9ec3e7762582fabb7d7ca9f8270dd74ebcbf6 */ = {isa = PBXFileReference; lastKnownFileType = file; path = f9ec3e7762582fabb7d7ca9f8270dd74ebcbf6; sourceTree = "<group>"; };
		F44D84D81FF01922006E6CA2 /* f07f6d30d016915962a6a7d4f81c4e68ba8160 */ = {isa = PBXFileReference; lastKnownFileType = file; path = f07f6d30d016915962a6a7d4f81c4e68ba8160; sourceTree = "<group>"; };
		F44D84DA1FF01922006E6CA2 /* 8ffe709999059bfbc2b598ecaa9ce034ee7ae2 */ = {isa = PBXFileReference; lastKnownFileType = file; path = 8ffe709999059bfbc2b598ecaa9ce034ee7ae2; sourceTree = "<group>"; };
		F44D84DB1FF01922006E6CA2 /* d8c42827dc43df03659c07b52941644bb50af4 */ = {isa = PBXFileReference; lastKnownFileType = file; path = d8c42827dc43df03659c07b52941644bb50af4; sourceTree = "<group>"; };
		F44D84DD1FF01922006E6CA2 /* 0d35ead0ca96775ba99a534eb830ec19ff46d6 */ = {isa = PBXFileReference; lastKnownFileType = file; path = 0d35ead0ca96775ba99a534eb830ec19ff46d6; sourceTree = "<group>"; };
		F44D84DF1FF01922006E6CA2 /* 2525f12bed40420544932c917a2effa75be896 */ = {isa = PBXFileReference; lastKnownFileType = file; path = 2525f12bed40420544932c917a2effa75be896; sourceTree = "<group>"; };
		F44D84E11FF01922006E6CA2 /* a25f7f4cb416c083d265558da75d457237d671 */ = {isa = PBXFileReference; lastKnownFileType = file; path = a25f7f4cb416c083d265558da75d457237d671; sourceTree = "<group>"; };
		F44D84E31FF01922006E6CA2 /* 99bd744fecfcc9701e48d61be7fa2ed35bf133 */ = {isa = PBXFileReference; lastKnownFileType = file; path = 99bd744fecfcc9701e48d61be7fa2ed35bf133; sourceTree = "<group>"; };
		F44D84E41FF01922006E6CA2 /* 9a2b99649e2a2ecdfaa4f7773341213c5616f4 */ = {isa = PBXFileReference; lastKnownFileType = file; path = 9a2b99649e2a2ecdfaa4f7773341213c5616f4; sourceTree = "<group>"; };
		F44D84E61FF01922006E6CA2 /* 22825f0f30be09b61306fe17fe97692ec3b3a8 */ = {isa = PBXFileReference; lastKnownFileType = file; path = 22825f0f30be09b61306fe17fe97692ec3b3a8; sourceTree = "<group>"; };
		F44D84E81FF01922006E6CA2 /* ffd71ede0d6c94c4dd68ae804143431294aebb */ = {isa = PBXFileReference; lastKnownFileType = file; path = ffd71ede0d6c94c4dd68ae804143431294aebb; sourceTree = "<group>"; };
		F44D84EA1FF01922006E6CA2 /* 25f204c243cb45ce74ea4e873757d5cd8843ae */ = {isa = PBXFileReference; lastKnownFileType = file; path = 25f204c243cb45ce74ea4e873757d5cd8843ae; sourceTree = "<group>"; };
		F44D84EC1FF01922006E6CA2 /* 53429f952d990125b33e9ad2eb7035f1e0f3a5 */ = {isa = PBXFileReference; lastKnownFileType = file; path = 53429f952d990125b33e9ad2eb7035f1e0f3a5; sourceTree = "<group>"; };
		F44D84EE1FF01922006E6CA2 /* e5d8ce26075c9ebc330c9a7f3e8b50fe0418fc */ = {isa = PBXFileReference; lastKnownFileType = file; path = e5d8ce26075c9ebc330c9a7f3e8b50fe0418fc; sourceTree = "<group>"; };
		F44D84F01FF01922006E6CA2 /* 9ccd9dd1fba8700de0b6945b642c3786b47d12 */ = {isa = PBXFileReference; lastKnownFileType = file; path = 9ccd9dd1fba8700de0b6945b642c3786b47d12; sourceTree = "<group>"; };
		F44D84F21FF01922006E6CA2 /* 90a3620a163c16aa279df6f9192d2e213b103a */ = {isa = PBXFileReference; lastKnownFileType = file; path = 90a3620a163c16aa279df6f9192d2e213b103a; sourceTree = "<group>"; };
		F44D84F41FF01922006E6CA2 /* 127b38c1aa25968a88db3940604d41529e4cf5 */ = {isa = PBXFileReference; lastKnownFileType = file; path = 127b38c1aa25968a88db3940604d41529e4cf5; sourceTree = "<group>"; };
		F44D84F61FF01922006E6CA2 /* 16cf97e4e38151150be06e7a37befdb2187e2f */ = {isa = PBXFileReference; lastKnownFileType = file; path = 16cf97e4e38151150be06e7a37befdb2187e2f; sourceTree = "<group>"; };
		F44D84F81FF01922006E6CA2 /* 012a3d7e2e63b26a54708fca1a44ebb8717484 */ = {isa = PBXFileReference; lastKnownFileType = file; path = 012a3d7e2e63b26a54708fca1a44ebb8717484; sourceTree = "<group>"; };
		F44D84F91FF01922006E6CA2 /* 5ed89c04185df77f86c398cd5ec47c8b17a36d */ = {isa = PBXFileReference; fileEncoding = 4; lastKnownFileType = text; path = 5ed89c04185df77f86c398cd5ec47c8b17a36d; sourceTree = "<group>"; };
		F44D84FB1FF01922006E6CA2 /* 4c93f6b7037b8ae5eb56fb279029bbbdb4015f */ = {isa = PBXFileReference; fileEncoding = 4; lastKnownFileType = text; path = 4c93f6b7037b8ae5eb56fb279029bbbdb4015f; sourceTree = "<group>"; };
		F44D84FD1FF01922006E6CA2 /* 0e8009f5e8af95d675105d887a7c014adf8adc */ = {isa = PBXFileReference; lastKnownFileType = file; path = 0e8009f5e8af95d675105d887a7c014adf8adc; sourceTree = "<group>"; };
		F44D84FE1FF01922006E6CA2 /* 91e48ffa499827aa2dafa1c148c83bb872df38 */ = {isa = PBXFileReference; lastKnownFileType = file; path = 91e48ffa499827aa2dafa1c148c83bb872df38; sourceTree = "<group>"; };
		F44D85001FF01922006E6CA2 /* 9ef0e52976df9fb04d4b3debdacf95db95b724 */ = {isa = PBXFileReference; lastKnownFileType = file; path = 9ef0e52976df9fb04d4b3debdacf95db95b724; sourceTree = "<group>"; };
		F44D85021FF01922006E6CA2 /* 95cc6e1d9c38b3d405a96230860129df2b809b */ = {isa = PBXFileReference; lastKnownFileType = file; path = 95cc6e1d9c38b3d405a96230860129df2b809b; sourceTree = "<group>"; };
		F44D85031FF01922006E6CA2 /* ee01297fd0db1f0717e463fcc3b6d80182069a */ = {isa = PBXFileReference; lastKnownFileType = file; path = ee01297fd0db1f0717e463fcc3b6d80182069a; sourceTree = "<group>"; };
		F44D85051FF01922006E6CA2 /* b0330f6426e7ec50aaa359a387a91d43eb221b */ = {isa = PBXFileReference; lastKnownFileType = file; path = b0330f6426e7ec50aaa359a387a91d43eb221b; sourceTree = "<group>"; };
		F44D85071FF01922006E6CA2 /* 7eedc127154ae6dcf26facec2a84ff597ff58e */ = {isa = PBXFileReference; lastKnownFileType = file; path = 7eedc127154ae6dcf26facec2a84ff597ff58e; sourceTree = "<group>"; };
		F44D85091FF01922006E6CA2 /* 19f935e604ca9f5bdd9863fb678406a5dd6727 */ = {isa = PBXFileReference; lastKnownFileType = file; path = 19f935e604ca9f5bdd9863fb678406a5dd6727; sourceTree = "<group>"; };
		F44D850A1FF01922006E6CA2 /* 70e8d7ee491bf82db68ef677bb5a38893cba4d */ = {isa = PBXFileReference; fileEncoding = 4; lastKnownFileType = text; path = 70e8d7ee491bf82db68ef677bb5a38893cba4d; sourceTree = "<group>"; };
		F44D850C1FF01922006E6CA2 /* 8604bb65b25149b195f9e9f282f9683a428592 */ = {isa = PBXFileReference; lastKnownFileType = file; path = 8604bb65b25149b195f9e9f282f9683a428592; sourceTree = "<group>"; };
		F44D850E1FF01922006E6CA2 /* 319312fa06246b2b0e97e122b1b10838a96a2f */ = {isa = PBXFileReference; lastKnownFileType = file; path = 319312fa06246b2b0e97e122b1b10838a96a2f; sourceTree = "<group>"; };
		F44D850F1FF01922006E6CA2 /* 3506f27a84531dcc997161dbdb0ac1cbdd5381 */ = {isa = PBXFileReference; lastKnownFileType = file; path = 3506f27a84531dcc997161dbdb0ac1cbdd5381; sourceTree = "<group>"; };
		F44D85111FF01922006E6CA2 /* c0debb2bc74239e932b5a258352c38a4d6d179 */ = {isa = PBXFileReference; lastKnownFileType = file; path = c0debb2bc74239e932b5a258352c38a4d6d179; sourceTree = "<group>"; };
		F44D85121FF01922006E6CA2 /* c356ff55541ee62193c8897dbdf97c21a93050 */ = {isa = PBXFileReference; lastKnownFileType = file; path = c356ff55541ee62193c8897dbdf97c21a93050; sourceTree = "<group>"; };
		F44D85141FF01922006E6CA2 /* ef48b91a0f62bb1847053e0f36ddfcc230e5a4 */ = {isa = PBXFileReference; lastKnownFileType = file; path = ef48b91a0f62bb1847053e0f36ddfcc230e5a4; sourceTree = "<group>"; };
		F44D85161FF01922006E6CA2 /* 2b165edf7a871066763a57dde1f97a397244eb */ = {isa = PBXFileReference; lastKnownFileType = file; path = 2b165edf7a871066763a57dde1f97a397244eb; sourceTree = "<group>"; };
		F44D85191FF01922006E6CA2 /* packed-refs */ = {isa = PBXFileReference; fileEncoding = 4; lastKnownFileType = text; path = "packed-refs"; sourceTree = "<group>"; };
		F44D851C1FF01922006E6CA2 /* master */ = {isa = PBXFileReference; fileEncoding = 4; lastKnownFileType = text; path = master; sourceTree = "<group>"; };
		F44D851F1FF01922006E6CA2 /* HEAD */ = {isa = PBXFileReference; fileEncoding = 4; lastKnownFileType = text; path = HEAD; sourceTree = "<group>"; };
		F44D85211FF01922006E6CA2 /* .gitignore */ = {isa = PBXFileReference; fileEncoding = 4; lastKnownFileType = text; path = .gitignore; sourceTree = SOURCE_ROOT; };
		F44D85221FF01922006E6CA2 /* SPMainAux.c */ = {isa = PBXFileReference; fileEncoding = 4; lastKnownFileType = sourcecode.c.c; path = SPMainAux.c; sourceTree = SOURCE_ROOT; };
		F44D85231FF01922006E6CA2 /* SPArrayList.h */ = {isa = PBXFileReference; fileEncoding = 4; lastKnownFileType = sourcecode.c.h; path = SPArrayList.h; sourceTree = SOURCE_ROOT; };
		F44D85251FF01922006E6CA2 /* FourInARowUniveristyProject.iml */ = {isa = PBXFileReference; fileEncoding = 4; lastKnownFileType = text.xml; path = FourInARowUniveristyProject.iml; sourceTree = "<group>"; };
		F44D85261FF01922006E6CA2 /* misc.xml */ = {isa = PBXFileReference; fileEncoding = 4; lastKnownFileType = text.xml; path = misc.xml; sourceTree = "<group>"; };
		F44D85271FF01922006E6CA2 /* modules.xml */ = {isa = PBXFileReference; fileEncoding = 4; lastKnownFileType = text.xml; path = modules.xml; sourceTree = "<group>"; };
		F44D85281FF01922006E6CA2 /* vcs.xml */ = {isa = PBXFileReference; fileEncoding = 4; lastKnownFileType = text.xml; path = vcs.xml; sourceTree = "<group>"; };
		F44D85291FF01922006E6CA2 /* workspace.xml */ = {isa = PBXFileReference; fileEncoding = 4; lastKnownFileType = text.xml; path = workspace.xml; sourceTree = "<group>"; };
		F44D852A1FF01923006E6CA2 /* CMakeLists.txt */ = {isa = PBXFileReference; fileEncoding = 4; lastKnownFileType = text; path = CMakeLists.txt; sourceTree = SOURCE_ROOT; };
		F44D852B1FF01923006E6CA2 /* SPFIAR */ = {isa = PBXFileReference; lastKnownFileType = "compiled.mach-o.executable"; path = SPFIAR; sourceTree = SOURCE_ROOT; };
		F44D852C1FF01923006E6CA2 /* SPFIARGameUnitTest.c */ = {isa = PBXFileReference; fileEncoding = 4; lastKnownFileType = sourcecode.c.c; path = SPFIARGameUnitTest.c; sourceTree = SOURCE_ROOT; };
		F44D852D1FF01923006E6CA2 /* SPMinimax.c */ = {isa = PBXFileReference; fileEncoding = 4; lastKnownFileType = sourcecode.c.c; path = SPMinimax.c; sourceTree = SOURCE_ROOT; };
		F44D852E1FF01923006E6CA2 /* SPFIARParser.h */ = {isa = PBXFileReference; fileEncoding = 4; lastKnownFileType = sourcecode.c.h; path = SPFIARParser.h; sourceTree = SOURCE_ROOT; };
		F44D852F1FF01923006E6CA2 /* SPArrayList.c */ = {isa = PBXFileReference; fileEncoding = 4; lastKnownFileType = sourcecode.c.c; path = SPArrayList.c; sourceTree = SOURCE_ROOT; };
		F44D85301FF01923006E6CA2 /* LICENSE */ = {isa = PBXFileReference; fileEncoding = 4; lastKnownFileType = text; path = LICENSE; sourceTree = SOURCE_ROOT; };
		F44D85311FF01924006E6CA2 /* SPMinimaxNode.c */ = {isa = PBXFileReference; fileEncoding = 4; lastKnownFileType = sourcecode.c.c; path = SPMinimaxNode.c; sourceTree = SOURCE_ROOT; };
		F44D85321FF01924006E6CA2 /* SPFIARParserUnitTest.c */ = {isa = PBXFileReference; fileEncoding = 4; lastKnownFileType = sourcecode.c.c; path = SPFIARParserUnitTest.c; sourceTree = SOURCE_ROOT; };
		F44D85331FF01924006E6CA2 /* SPFIARGame.c */ = {isa = PBXFileReference; fileEncoding = 4; lastKnownFileType = sourcecode.c.c; path = SPFIARGame.c; sourceTree = SOURCE_ROOT; };
/* End PBXFileReference section */

/* Begin PBXFrameworksBuildPhase section */
		F44D84481FF018C6006E6CA2 /* Frameworks */ = {
			isa = PBXFrameworksBuildPhase;
			buildActionMask = 2147483647;
			files = (
			);
			runOnlyForDeploymentPostprocessing = 0;
		};
/* End PBXFrameworksBuildPhase section */

/* Begin PBXGroup section */
		F44D84421FF018C6006E6CA2 = {
			isa = PBXGroup;
			children = (
				F44D844D1FF018C6006E6CA2 /* project */,
				F44D844C1FF018C6006E6CA2 /* Products */,
			);
			sourceTree = "<group>";
		};
		F44D844C1FF018C6006E6CA2 /* Products */ = {
			isa = PBXGroup;
			children = (
				F44D844B1FF018C6006E6CA2 /* project */,
			);
			name = Products;
			sourceTree = "<group>";
		};
		F44D844D1FF018C6006E6CA2 /* project */ = {
			isa = PBXGroup;
			children = (
				F44D84641FF01921006E6CA2 /* .git */,
				F44D85211FF01922006E6CA2 /* .gitignore */,
				F44D85241FF01922006E6CA2 /* .idea */,
				F44D84561FF01920006E6CA2 /* cmake-build-debug */,
				F44D852A1FF01923006E6CA2 /* CMakeLists.txt */,
				F44D85301FF01923006E6CA2 /* LICENSE */,
				F44D84621FF01921006E6CA2 /* main.c */,
				F44D845F1FF01921006E6CA2 /* makefile */,
				F44D852F1FF01923006E6CA2 /* SPArrayList.c */,
				F44D85231FF01922006E6CA2 /* SPArrayList.h */,
				F44D84601FF01921006E6CA2 /* SPArrayListUnitTest.c */,
				F44D852B1FF01923006E6CA2 /* SPFIAR */,
				F44D85331FF01924006E6CA2 /* SPFIARGame.c */,
				F44D845C1FF01920006E6CA2 /* SPFIARGame.h */,
				F44D852C1FF01923006E6CA2 /* SPFIARGameUnitTest.c */,
				F44D845E1FF01921006E6CA2 /* SPFIARParser.c */,
				F44D852E1FF01923006E6CA2 /* SPFIARParser.h */,
				F44D85321FF01924006E6CA2 /* SPFIARParserUnitTest.c */,
				F44D85221FF01922006E6CA2 /* SPMainAux.c */,
				F44D84631FF01921006E6CA2 /* SPMainAux.h */,
				F44D852D1FF01923006E6CA2 /* SPMinimax.c */,
				F44D84611FF01921006E6CA2 /* SPMinimax.h */,
				F44D85311FF01924006E6CA2 /* SPMinimaxNode.c */,
				F44D84551FF01920006E6CA2 /* SPMinimaxNode.h */,
				F44D845D1FF01921006E6CA2 /* unit_test_util.h */,
			);
			path = project;
			sourceTree = "<group>";
		};
		F44D84561FF01920006E6CA2 /* cmake-build-debug */ = {
			isa = PBXGroup;
			children = (
				F44D84571FF01920006E6CA2 /* CMakeCache.txt */,
				F44D84581FF01920006E6CA2 /* CMakeFiles */,
			);
			path = "cmake-build-debug";
			sourceTree = SOURCE_ROOT;
		};
		F44D84581FF01920006E6CA2 /* CMakeFiles */ = {
			isa = PBXGroup;
			children = (
				F44D84591FF01920006E6CA2 /* clion-environment.txt */,
				F44D845A1FF01920006E6CA2 /* clion-log.txt */,
				F44D845B1FF01920006E6CA2 /* cmake.check_cache */,
			);
			path = CMakeFiles;
			sourceTree = "<group>";
		};
		F44D84641FF01921006E6CA2 /* .git */ = {
			isa = PBXGroup;
			children = (
				F44D84651FF01921006E6CA2 /* branches */,
				F44D84661FF01921006E6CA2 /* config */,
				F44D84671FF01921006E6CA2 /* description */,
				F44D84681FF01921006E6CA2 /* HEAD */,
				F44D84691FF01921006E6CA2 /* hooks */,
				F44D84741FF01921006E6CA2 /* index */,
				F44D84751FF01921006E6CA2 /* info */,
				F44D84771FF01922006E6CA2 /* logs */,
				F44D847F1FF01922006E6CA2 /* objects */,
				F44D85191FF01922006E6CA2 /* packed-refs */,
				F44D851A1FF01922006E6CA2 /* refs */,
			);
			path = .git;
			sourceTree = SOURCE_ROOT;
		};
		F44D84651FF01921006E6CA2 /* branches */ = {
			isa = PBXGroup;
			children = (
			);
			path = branches;
			sourceTree = "<group>";
		};
		F44D84691FF01921006E6CA2 /* hooks */ = {
			isa = PBXGroup;
			children = (
				F44D846A1FF01921006E6CA2 /* applypatch-msg.sample */,
				F44D846B1FF01921006E6CA2 /* commit-msg.sample */,
				F44D846C1FF01921006E6CA2 /* post-update.sample */,
				F44D846D1FF01921006E6CA2 /* pre-applypatch.sample */,
				F44D846E1FF01921006E6CA2 /* pre-commit.sample */,
				F44D846F1FF01921006E6CA2 /* pre-push.sample */,
				F44D84701FF01921006E6CA2 /* pre-rebase.sample */,
				F44D84711FF01921006E6CA2 /* pre-receive.sample */,
				F44D84721FF01921006E6CA2 /* prepare-commit-msg.sample */,
				F44D84731FF01921006E6CA2 /* update.sample */,
			);
			path = hooks;
			sourceTree = "<group>";
		};
		F44D84751FF01921006E6CA2 /* info */ = {
			isa = PBXGroup;
			children = (
				F44D84761FF01922006E6CA2 /* exclude */,
			);
			path = info;
			sourceTree = "<group>";
		};
		F44D84771FF01922006E6CA2 /* logs */ = {
			isa = PBXGroup;
			children = (
				F44D84781FF01922006E6CA2 /* HEAD */,
				F44D84791FF01922006E6CA2 /* refs */,
			);
			path = logs;
			sourceTree = "<group>";
		};
		F44D84791FF01922006E6CA2 /* refs */ = {
			isa = PBXGroup;
			children = (
				F44D847A1FF01922006E6CA2 /* heads */,
				F44D847C1FF01922006E6CA2 /* remotes */,
			);
			path = refs;
			sourceTree = "<group>";
		};
		F44D847A1FF01922006E6CA2 /* heads */ = {
			isa = PBXGroup;
			children = (
				F44D847B1FF01922006E6CA2 /* master */,
			);
			path = heads;
			sourceTree = "<group>";
		};
		F44D847C1FF01922006E6CA2 /* remotes */ = {
			isa = PBXGroup;
			children = (
				F44D847D1FF01922006E6CA2 /* origin */,
			);
			path = remotes;
			sourceTree = "<group>";
		};
		F44D847D1FF01922006E6CA2 /* origin */ = {
			isa = PBXGroup;
			children = (
				F44D847E1FF01922006E6CA2 /* HEAD */,
			);
			path = origin;
			sourceTree = "<group>";
		};
		F44D847F1FF01922006E6CA2 /* objects */ = {
			isa = PBXGroup;
			children = (
				F44D84801FF01922006E6CA2 /* 01 */,
				F44D84821FF01922006E6CA2 /* 03 */,
				F44D84841FF01922006E6CA2 /* 05 */,
				F44D84871FF01922006E6CA2 /* 06 */,
				F44D84891FF01922006E6CA2 /* 08 */,
				F44D848B1FF01922006E6CA2 /* 10 */,
				F44D848D1FF01922006E6CA2 /* 12 */,
				F44D848F1FF01922006E6CA2 /* 13 */,
				F44D84911FF01922006E6CA2 /* 15 */,
				F44D84931FF01922006E6CA2 /* 17 */,
				F44D84951FF01922006E6CA2 /* 1b */,
				F44D84971FF01922006E6CA2 /* 1d */,
				F44D84991FF01922006E6CA2 /* 1e */,
				F44D849B1FF01922006E6CA2 /* 22 */,
				F44D849D1FF01922006E6CA2 /* 26 */,
				F44D849F1FF01922006E6CA2 /* 2d */,
				F44D84A11FF01922006E6CA2 /* 2e */,
				F44D84A31FF01922006E6CA2 /* 2f */,
				F44D84A51FF01922006E6CA2 /* 30 */,
				F44D84A71FF01922006E6CA2 /* 3d */,
				F44D84A91FF01922006E6CA2 /* 3e */,
				F44D84AC1FF01922006E6CA2 /* 41 */,
				F44D84AE1FF01922006E6CA2 /* 43 */,
				F44D84B01FF01922006E6CA2 /* 44 */,
				F44D84B21FF01922006E6CA2 /* 48 */,
				F44D84B41FF01922006E6CA2 /* 4a */,
				F44D84B61FF01922006E6CA2 /* 4c */,
				F44D84B81FF01922006E6CA2 /* 4f */,
				F44D84BA1FF01922006E6CA2 /* 50 */,
				F44D84BC1FF01922006E6CA2 /* 51 */,
				F44D84BE1FF01922006E6CA2 /* 55 */,
				F44D84C01FF01922006E6CA2 /* 56 */,
				F44D84C21FF01922006E6CA2 /* 5b */,
				F44D84C41FF01922006E6CA2 /* 5c */,
				F44D84C61FF01922006E6CA2 /* 5e */,
				F44D84C81FF01922006E6CA2 /* 69 */,
				F44D84CA1FF01922006E6CA2 /* 6d */,
				F44D84CC1FF01922006E6CA2 /* 6f */,
				F44D84CF1FF01922006E6CA2 /* 76 */,
				F44D84D11FF01922006E6CA2 /* 79 */,
				F44D84D31FF01922006E6CA2 /* 7f */,
				F44D84D51FF01922006E6CA2 /* 81 */,
				F44D84D71FF01922006E6CA2 /* 89 */,
				F44D84D91FF01922006E6CA2 /* 8c */,
				F44D84DC1FF01922006E6CA2 /* 90 */,
				F44D84DE1FF01922006E6CA2 /* 92 */,
				F44D84E01FF01922006E6CA2 /* 94 */,
				F44D84E21FF01922006E6CA2 /* 98 */,
				F44D84E51FF01922006E6CA2 /* 9f */,
				F44D84E71FF01922006E6CA2 /* ab */,
				F44D84E91FF01922006E6CA2 /* af */,
				F44D84EB1FF01922006E6CA2 /* b2 */,
				F44D84ED1FF01922006E6CA2 /* b6 */,
				F44D84EF1FF01922006E6CA2 /* c0 */,
				F44D84F11FF01922006E6CA2 /* c4 */,
				F44D84F31FF01922006E6CA2 /* c6 */,
				F44D84F51FF01922006E6CA2 /* ca */,
				F44D84F71FF01922006E6CA2 /* cb */,
				F44D84FA1FF01922006E6CA2 /* ce */,
				F44D84FC1FF01922006E6CA2 /* e2 */,
				F44D84FF1FF01922006E6CA2 /* e4 */,
				F44D85011FF01922006E6CA2 /* e5 */,
				F44D85041FF01922006E6CA2 /* e9 */,
				F44D85061FF01922006E6CA2 /* ed */,
				F44D85081FF01922006E6CA2 /* ee */,
				F44D850B1FF01922006E6CA2 /* f0 */,
				F44D850D1FF01922006E6CA2 /* f2 */,
				F44D85101FF01922006E6CA2 /* f4 */,
				F44D85131FF01922006E6CA2 /* fd */,
				F44D85151FF01922006E6CA2 /* ff */,
				F44D85171FF01922006E6CA2 /* info */,
				F44D85181FF01922006E6CA2 /* pack */,
			);
			path = objects;
			sourceTree = "<group>";
		};
		F44D84801FF01922006E6CA2 /* 01 */ = {
			isa = PBXGroup;
			children = (
				F44D84811FF01922006E6CA2 /* 3005cfd53059de281fd19b259fbad03d6f4e0f */,
			);
			path = 01;
			sourceTree = "<group>";
		};
		F44D84821FF01922006E6CA2 /* 03 */ = {
			isa = PBXGroup;
			children = (
				F44D84831FF01922006E6CA2 /* 3ee3a7ebe9ae662d1552d8ee1160884bcf2006 */,
			);
			path = 03;
			sourceTree = "<group>";
		};
		F44D84841FF01922006E6CA2 /* 05 */ = {
			isa = PBXGroup;
			children = (
				F44D84851FF01922006E6CA2 /* 1dd3185d942a4dc6407fa17d83baea5aa4f018 */,
				F44D84861FF01922006E6CA2 /* 48c5b5b366e4278e35dfd6ed10227d357631fb */,
			);
			path = 05;
			sourceTree = "<group>";
		};
		F44D84871FF01922006E6CA2 /* 06 */ = {
			isa = PBXGroup;
			children = (
				F44D84881FF01922006E6CA2 /* f66b9749344e675920a00b5f43b569975e76df */,
			);
			path = 06;
			sourceTree = "<group>";
		};
		F44D84891FF01922006E6CA2 /* 08 */ = {
			isa = PBXGroup;
			children = (
				F44D848A1FF01922006E6CA2 /* daa51ef79d2c613c1a9f18f61dad8ab97e5d2b */,
			);
			path = 08;
			sourceTree = "<group>";
		};
		F44D848B1FF01922006E6CA2 /* 10 */ = {
			isa = PBXGroup;
			children = (
				F44D848C1FF01922006E6CA2 /* c479ff8f6bb7d5348e739e3572ff263fe973f9 */,
			);
			path = 10;
			sourceTree = "<group>";
		};
		F44D848D1FF01922006E6CA2 /* 12 */ = {
			isa = PBXGroup;
			children = (
				F44D848E1FF01922006E6CA2 /* 7bcd14761df7fabaa4580ec29a3504eb2e9e19 */,
			);
			path = 12;
			sourceTree = "<group>";
		};
		F44D848F1FF01922006E6CA2 /* 13 */ = {
			isa = PBXGroup;
			children = (
				F44D84901FF01922006E6CA2 /* b33fcb105ec78e2e9a83339a2c53ea69a3cb9c */,
			);
			path = 13;
			sourceTree = "<group>";
		};
		F44D84911FF01922006E6CA2 /* 15 */ = {
			isa = PBXGroup;
			children = (
				F44D84921FF01922006E6CA2 /* 9a9c5b66cf6fe7f87d9bcbc6fa6ffc227fb253 */,
			);
			path = 15;
			sourceTree = "<group>";
		};
		F44D84931FF01922006E6CA2 /* 17 */ = {
			isa = PBXGroup;
			children = (
				F44D84941FF01922006E6CA2 /* cd8e05e0340dbe2e23df5dd885b28837eefdd3 */,
			);
			path = 17;
			sourceTree = "<group>";
		};
		F44D84951FF01922006E6CA2 /* 1b */ = {
			isa = PBXGroup;
			children = (
				F44D84961FF01922006E6CA2 /* 265fbbe7eb59e07d5184ed798a6d5e6cdc35fd */,
			);
			path = 1b;
			sourceTree = "<group>";
		};
		F44D84971FF01922006E6CA2 /* 1d */ = {
			isa = PBXGroup;
			children = (
				F44D84981FF01922006E6CA2 /* 14246e2e4ab5e26ef4f71ab1bd57b61fe1eaa1 */,
			);
			path = 1d;
			sourceTree = "<group>";
		};
		F44D84991FF01922006E6CA2 /* 1e */ = {
			isa = PBXGroup;
			children = (
				F44D849A1FF01922006E6CA2 /* 7977d433c2b66f49c074c23182d61f5d285c47 */,
			);
			path = 1e;
			sourceTree = "<group>";
		};
		F44D849B1FF01922006E6CA2 /* 22 */ = {
			isa = PBXGroup;
			children = (
				F44D849C1FF01922006E6CA2 /* c9a3736817559dd49bd079e40cdc062593c63a */,
			);
			path = 22;
			sourceTree = "<group>";
		};
		F44D849D1FF01922006E6CA2 /* 26 */ = {
			isa = PBXGroup;
			children = (
				F44D849E1FF01922006E6CA2 /* e70bf87d8fbfcba35335a01d2d7663bb54986a */,
			);
			path = 26;
			sourceTree = "<group>";
		};
		F44D849F1FF01922006E6CA2 /* 2d */ = {
			isa = PBXGroup;
			children = (
				F44D84A01FF01922006E6CA2 /* 26e67da69046cbe2187f40c825ce50b216af5f */,
			);
			path = 2d;
			sourceTree = "<group>";
		};
		F44D84A11FF01922006E6CA2 /* 2e */ = {
			isa = PBXGroup;
			children = (
				F44D84A21FF01922006E6CA2 /* 5b62cb7cd4140bde3db9efa94b364c13e55f23 */,
			);
			path = 2e;
			sourceTree = "<group>";
		};
		F44D84A31FF01922006E6CA2 /* 2f */ = {
			isa = PBXGroup;
			children = (
				F44D84A41FF01922006E6CA2 /* 69f13536908a61dc9dbe631560c03dde3ac68d */,
			);
			path = 2f;
			sourceTree = "<group>";
		};
		F44D84A51FF01922006E6CA2 /* 30 */ = {
			isa = PBXGroup;
			children = (
				F44D84A61FF01922006E6CA2 /* b824986cfc7f3c8a6ca0e18172e9ee7f4611c3 */,
			);
			path = 30;
			sourceTree = "<group>";
		};
		F44D84A71FF01922006E6CA2 /* 3d */ = {
			isa = PBXGroup;
			children = (
				F44D84A81FF01922006E6CA2 /* ccd731726d7faa8b29d8d7dba3b981a53ca497 */,
			);
			path = 3d;
			sourceTree = "<group>";
		};
		F44D84A91FF01922006E6CA2 /* 3e */ = {
			isa = PBXGroup;
			children = (
				F44D84AA1FF01922006E6CA2 /* 3d50f615873e444a2f1dd58c97bd647918cf6c */,
				F44D84AB1FF01922006E6CA2 /* d51080a8a0170726305510e717f7ca079be5fa */,
			);
			path = 3e;
			sourceTree = "<group>";
		};
		F44D84AC1FF01922006E6CA2 /* 41 */ = {
			isa = PBXGroup;
			children = (
				F44D84AD1FF01922006E6CA2 /* fea8f6dba7cdd2a483aa71e748d28e628766eb */,
			);
			path = 41;
			sourceTree = "<group>";
		};
		F44D84AE1FF01922006E6CA2 /* 43 */ = {
			isa = PBXGroup;
			children = (
				F44D84AF1FF01922006E6CA2 /* 321d0ce258ec6eaf81f3542c499e09fab01ca6 */,
			);
			path = 43;
			sourceTree = "<group>";
		};
		F44D84B01FF01922006E6CA2 /* 44 */ = {
			isa = PBXGroup;
			children = (
				F44D84B11FF01922006E6CA2 /* 2b605f6c014322416843b50469f1fee85db2f3 */,
			);
			path = 44;
			sourceTree = "<group>";
		};
		F44D84B21FF01922006E6CA2 /* 48 */ = {
			isa = PBXGroup;
			children = (
				F44D84B31FF01922006E6CA2 /* 99480fc7e4e5825caa161e3a669460e06e5b25 */,
			);
			path = 48;
			sourceTree = "<group>";
		};
		F44D84B41FF01922006E6CA2 /* 4a */ = {
			isa = PBXGroup;
			children = (
				F44D84B51FF01922006E6CA2 /* 854b6086c6455e87d75284c91a88f472776d2e */,
			);
			path = 4a;
			sourceTree = "<group>";
		};
		F44D84B61FF01922006E6CA2 /* 4c */ = {
			isa = PBXGroup;
			children = (
				F44D84B71FF01922006E6CA2 /* 7b7622afb2b3cf00a71a3b68f6e184dfc0adf4 */,
			);
			path = 4c;
			sourceTree = "<group>";
		};
		F44D84B81FF01922006E6CA2 /* 4f */ = {
			isa = PBXGroup;
			children = (
				F44D84B91FF01922006E6CA2 /* 5f41ec6c8d7369879b233df96c5f1ac275aa53 */,
			);
			path = 4f;
			sourceTree = "<group>";
		};
		F44D84BA1FF01922006E6CA2 /* 50 */ = {
			isa = PBXGroup;
			children = (
				F44D84BB1FF01922006E6CA2 /* 832b928fc7591bb6838f3296cf62b33ead6e14 */,
			);
			path = 50;
			sourceTree = "<group>";
		};
		F44D84BC1FF01922006E6CA2 /* 51 */ = {
			isa = PBXGroup;
			children = (
				F44D84BD1FF01922006E6CA2 /* b0900746698fb89869a8cb6cd98de2af5f425a */,
			);
			path = 51;
			sourceTree = "<group>";
		};
		F44D84BE1FF01922006E6CA2 /* 55 */ = {
			isa = PBXGroup;
			children = (
				F44D84BF1FF01922006E6CA2 /* 085eddd00b3389d509af76d14e358dd7cfdf87 */,
			);
			path = 55;
			sourceTree = "<group>";
		};
		F44D84C01FF01922006E6CA2 /* 56 */ = {
			isa = PBXGroup;
			children = (
				F44D84C11FF01922006E6CA2 /* 39da9c9bafaec97c44588a46b52033550d3f63 */,
			);
			path = 56;
			sourceTree = "<group>";
		};
		F44D84C21FF01922006E6CA2 /* 5b */ = {
			isa = PBXGroup;
			children = (
				F44D84C31FF01922006E6CA2 /* 6c4e2ce22a423686d62ba7ad41a7cefe3d45b1 */,
			);
			path = 5b;
			sourceTree = "<group>";
		};
		F44D84C41FF01922006E6CA2 /* 5c */ = {
			isa = PBXGroup;
			children = (
				F44D84C51FF01922006E6CA2 /* f1bf97624c91f56c1c4a360b2e4afd24e08a52 */,
			);
			path = 5c;
			sourceTree = "<group>";
		};
		F44D84C61FF01922006E6CA2 /* 5e */ = {
			isa = PBXGroup;
			children = (
				F44D84C71FF01922006E6CA2 /* c60c02b557e27f1eda2ce94c5588f8f2459a78 */,
			);
			path = 5e;
			sourceTree = "<group>";
		};
		F44D84C81FF01922006E6CA2 /* 69 */ = {
			isa = PBXGroup;
			children = (
				F44D84C91FF01922006E6CA2 /* 52a960bae877e6652f7b5a6df53b5f1dd2dc2d */,
			);
			path = 69;
			sourceTree = "<group>";
		};
		F44D84CA1FF01922006E6CA2 /* 6d */ = {
			isa = PBXGroup;
			children = (
				F44D84CB1FF01922006E6CA2 /* cfc8d70078f203da087c41072e80300a1072a3 */,
			);
			path = 6d;
			sourceTree = "<group>";
		};
		F44D84CC1FF01922006E6CA2 /* 6f */ = {
			isa = PBXGroup;
			children = (
				F44D84CD1FF01922006E6CA2 /* 8d68e20994ae416fdc5dcef04df6f2c0ed1c52 */,
				F44D84CE1FF01922006E6CA2 /* 9cf4cdef3b976a4d7756fd02099c4b3e5415d2 */,
			);
			path = 6f;
			sourceTree = "<group>";
		};
		F44D84CF1FF01922006E6CA2 /* 76 */ = {
			isa = PBXGroup;
			children = (
				F44D84D01FF01922006E6CA2 /* 470d93cbeb0de86e56b03460bed2b48a54eb42 */,
			);
			path = 76;
			sourceTree = "<group>";
		};
		F44D84D11FF01922006E6CA2 /* 79 */ = {
			isa = PBXGroup;
			children = (
				F44D84D21FF01922006E6CA2 /* b3c94830bab93d40d0770f2765540fe24ed423 */,
			);
			path = 79;
			sourceTree = "<group>";
		};
		F44D84D31FF01922006E6CA2 /* 7f */ = {
			isa = PBXGroup;
			children = (
				F44D84D41FF01922006E6CA2 /* 049941a437317e711acd09c9a1318d1bde50ba */,
			);
			path = 7f;
			sourceTree = "<group>";
		};
		F44D84D51FF01922006E6CA2 /* 81 */ = {
			isa = PBXGroup;
			children = (
				F44D84D61FF01922006E6CA2 /* f9ec3e7762582fabb7d7ca9f8270dd74ebcbf6 */,
			);
			path = 81;
			sourceTree = "<group>";
		};
		F44D84D71FF01922006E6CA2 /* 89 */ = {
			isa = PBXGroup;
			children = (
				F44D84D81FF01922006E6CA2 /* f07f6d30d016915962a6a7d4f81c4e68ba8160 */,
			);
			path = 89;
			sourceTree = "<group>";
		};
		F44D84D91FF01922006E6CA2 /* 8c */ = {
			isa = PBXGroup;
			children = (
				F44D84DA1FF01922006E6CA2 /* 8ffe709999059bfbc2b598ecaa9ce034ee7ae2 */,
				F44D84DB1FF01922006E6CA2 /* d8c42827dc43df03659c07b52941644bb50af4 */,
			);
			path = 8c;
			sourceTree = "<group>";
		};
		F44D84DC1FF01922006E6CA2 /* 90 */ = {
			isa = PBXGroup;
			children = (
				F44D84DD1FF01922006E6CA2 /* 0d35ead0ca96775ba99a534eb830ec19ff46d6 */,
			);
			path = 90;
			sourceTree = "<group>";
		};
		F44D84DE1FF01922006E6CA2 /* 92 */ = {
			isa = PBXGroup;
			children = (
				F44D84DF1FF01922006E6CA2 /* 2525f12bed40420544932c917a2effa75be896 */,
			);
			path = 92;
			sourceTree = "<group>";
		};
		F44D84E01FF01922006E6CA2 /* 94 */ = {
			isa = PBXGroup;
			children = (
				F44D84E11FF01922006E6CA2 /* a25f7f4cb416c083d265558da75d457237d671 */,
			);
			path = 94;
			sourceTree = "<group>";
		};
		F44D84E21FF01922006E6CA2 /* 98 */ = {
			isa = PBXGroup;
			children = (
				F44D84E31FF01922006E6CA2 /* 99bd744fecfcc9701e48d61be7fa2ed35bf133 */,
				F44D84E41FF01922006E6CA2 /* 9a2b99649e2a2ecdfaa4f7773341213c5616f4 */,
			);
			path = 98;
			sourceTree = "<group>";
		};
		F44D84E51FF01922006E6CA2 /* 9f */ = {
			isa = PBXGroup;
			children = (
				F44D84E61FF01922006E6CA2 /* 22825f0f30be09b61306fe17fe97692ec3b3a8 */,
			);
			path = 9f;
			sourceTree = "<group>";
		};
		F44D84E71FF01922006E6CA2 /* ab */ = {
			isa = PBXGroup;
			children = (
				F44D84E81FF01922006E6CA2 /* ffd71ede0d6c94c4dd68ae804143431294aebb */,
			);
			path = ab;
			sourceTree = "<group>";
		};
		F44D84E91FF01922006E6CA2 /* af */ = {
			isa = PBXGroup;
			children = (
				F44D84EA1FF01922006E6CA2 /* 25f204c243cb45ce74ea4e873757d5cd8843ae */,
			);
			path = af;
			sourceTree = "<group>";
		};
		F44D84EB1FF01922006E6CA2 /* b2 */ = {
			isa = PBXGroup;
			children = (
				F44D84EC1FF01922006E6CA2 /* 53429f952d990125b33e9ad2eb7035f1e0f3a5 */,
			);
			path = b2;
			sourceTree = "<group>";
		};
		F44D84ED1FF01922006E6CA2 /* b6 */ = {
			isa = PBXGroup;
			children = (
				F44D84EE1FF01922006E6CA2 /* e5d8ce26075c9ebc330c9a7f3e8b50fe0418fc */,
			);
			path = b6;
			sourceTree = "<group>";
		};
		F44D84EF1FF01922006E6CA2 /* c0 */ = {
			isa = PBXGroup;
			children = (
				F44D84F01FF01922006E6CA2 /* 9ccd9dd1fba8700de0b6945b642c3786b47d12 */,
			);
			path = c0;
			sourceTree = "<group>";
		};
		F44D84F11FF01922006E6CA2 /* c4 */ = {
			isa = PBXGroup;
			children = (
				F44D84F21FF01922006E6CA2 /* 90a3620a163c16aa279df6f9192d2e213b103a */,
			);
			path = c4;
			sourceTree = "<group>";
		};
		F44D84F31FF01922006E6CA2 /* c6 */ = {
			isa = PBXGroup;
			children = (
				F44D84F41FF01922006E6CA2 /* 127b38c1aa25968a88db3940604d41529e4cf5 */,
			);
			path = c6;
			sourceTree = "<group>";
		};
		F44D84F51FF01922006E6CA2 /* ca */ = {
			isa = PBXGroup;
			children = (
				F44D84F61FF01922006E6CA2 /* 16cf97e4e38151150be06e7a37befdb2187e2f */,
			);
			path = ca;
			sourceTree = "<group>";
		};
		F44D84F71FF01922006E6CA2 /* cb */ = {
			isa = PBXGroup;
			children = (
				F44D84F81FF01922006E6CA2 /* 012a3d7e2e63b26a54708fca1a44ebb8717484 */,
				F44D84F91FF01922006E6CA2 /* 5ed89c04185df77f86c398cd5ec47c8b17a36d */,
			);
			path = cb;
			sourceTree = "<group>";
		};
		F44D84FA1FF01922006E6CA2 /* ce */ = {
			isa = PBXGroup;
			children = (
				F44D84FB1FF01922006E6CA2 /* 4c93f6b7037b8ae5eb56fb279029bbbdb4015f */,
			);
			path = ce;
			sourceTree = "<group>";
		};
		F44D84FC1FF01922006E6CA2 /* e2 */ = {
			isa = PBXGroup;
			children = (
				F44D84FD1FF01922006E6CA2 /* 0e8009f5e8af95d675105d887a7c014adf8adc */,
				F44D84FE1FF01922006E6CA2 /* 91e48ffa499827aa2dafa1c148c83bb872df38 */,
			);
			path = e2;
			sourceTree = "<group>";
		};
		F44D84FF1FF01922006E6CA2 /* e4 */ = {
			isa = PBXGroup;
			children = (
				F44D85001FF01922006E6CA2 /* 9ef0e52976df9fb04d4b3debdacf95db95b724 */,
			);
			path = e4;
			sourceTree = "<group>";
		};
		F44D85011FF01922006E6CA2 /* e5 */ = {
			isa = PBXGroup;
			children = (
				F44D85021FF01922006E6CA2 /* 95cc6e1d9c38b3d405a96230860129df2b809b */,
				F44D85031FF01922006E6CA2 /* ee01297fd0db1f0717e463fcc3b6d80182069a */,
			);
			path = e5;
			sourceTree = "<group>";
		};
		F44D85041FF01922006E6CA2 /* e9 */ = {
			isa = PBXGroup;
			children = (
				F44D85051FF01922006E6CA2 /* b0330f6426e7ec50aaa359a387a91d43eb221b */,
			);
			path = e9;
			sourceTree = "<group>";
		};
		F44D85061FF01922006E6CA2 /* ed */ = {
			isa = PBXGroup;
			children = (
				F44D85071FF01922006E6CA2 /* 7eedc127154ae6dcf26facec2a84ff597ff58e */,
			);
			path = ed;
			sourceTree = "<group>";
		};
		F44D85081FF01922006E6CA2 /* ee */ = {
			isa = PBXGroup;
			children = (
				F44D85091FF01922006E6CA2 /* 19f935e604ca9f5bdd9863fb678406a5dd6727 */,
				F44D850A1FF01922006E6CA2 /* 70e8d7ee491bf82db68ef677bb5a38893cba4d */,
			);
			path = ee;
			sourceTree = "<group>";
		};
		F44D850B1FF01922006E6CA2 /* f0 */ = {
			isa = PBXGroup;
			children = (
				F44D850C1FF01922006E6CA2 /* 8604bb65b25149b195f9e9f282f9683a428592 */,
			);
			path = f0;
			sourceTree = "<group>";
		};
		F44D850D1FF01922006E6CA2 /* f2 */ = {
			isa = PBXGroup;
			children = (
				F44D850E1FF01922006E6CA2 /* 319312fa06246b2b0e97e122b1b10838a96a2f */,
				F44D850F1FF01922006E6CA2 /* 3506f27a84531dcc997161dbdb0ac1cbdd5381 */,
			);
			path = f2;
			sourceTree = "<group>";
		};
		F44D85101FF01922006E6CA2 /* f4 */ = {
			isa = PBXGroup;
			children = (
				F44D85111FF01922006E6CA2 /* c0debb2bc74239e932b5a258352c38a4d6d179 */,
				F44D85121FF01922006E6CA2 /* c356ff55541ee62193c8897dbdf97c21a93050 */,
			);
			path = f4;
			sourceTree = "<group>";
		};
		F44D85131FF01922006E6CA2 /* fd */ = {
			isa = PBXGroup;
			children = (
				F44D85141FF01922006E6CA2 /* ef48b91a0f62bb1847053e0f36ddfcc230e5a4 */,
			);
			path = fd;
			sourceTree = "<group>";
		};
		F44D85151FF01922006E6CA2 /* ff */ = {
			isa = PBXGroup;
			children = (
				F44D85161FF01922006E6CA2 /* 2b165edf7a871066763a57dde1f97a397244eb */,
			);
			path = ff;
			sourceTree = "<group>";
		};
		F44D85171FF01922006E6CA2 /* info */ = {
			isa = PBXGroup;
			children = (
			);
			path = info;
			sourceTree = "<group>";
		};
		F44D85181FF01922006E6CA2 /* pack */ = {
			isa = PBXGroup;
			children = (
			);
			path = pack;
			sourceTree = "<group>";
		};
		F44D851A1FF01922006E6CA2 /* refs */ = {
			isa = PBXGroup;
			children = (
				F44D851B1FF01922006E6CA2 /* heads */,
				F44D851D1FF01922006E6CA2 /* remotes */,
				F44D85201FF01922006E6CA2 /* tags */,
			);
			path = refs;
			sourceTree = "<group>";
		};
		F44D851B1FF01922006E6CA2 /* heads */ = {
			isa = PBXGroup;
			children = (
				F44D851C1FF01922006E6CA2 /* master */,
			);
			path = heads;
			sourceTree = "<group>";
		};
		F44D851D1FF01922006E6CA2 /* remotes */ = {
			isa = PBXGroup;
			children = (
				F44D851E1FF01922006E6CA2 /* origin */,
			);
			path = remotes;
			sourceTree = "<group>";
		};
		F44D851E1FF01922006E6CA2 /* origin */ = {
			isa = PBXGroup;
			children = (
				F44D851F1FF01922006E6CA2 /* HEAD */,
			);
			path = origin;
			sourceTree = "<group>";
		};
		F44D85201FF01922006E6CA2 /* tags */ = {
			isa = PBXGroup;
			children = (
			);
			path = tags;
			sourceTree = "<group>";
		};
		F44D85241FF01922006E6CA2 /* .idea */ = {
			isa = PBXGroup;
			children = (
				F44D85251FF01922006E6CA2 /* FourInARowUniveristyProject.iml */,
				F44D85261FF01922006E6CA2 /* misc.xml */,
				F44D85271FF01922006E6CA2 /* modules.xml */,
				F44D85281FF01922006E6CA2 /* vcs.xml */,
				F44D85291FF01922006E6CA2 /* workspace.xml */,
			);
			path = .idea;
			sourceTree = SOURCE_ROOT;
		};
/* End PBXGroup section */

/* Begin PBXNativeTarget section */
		F44D844A1FF018C6006E6CA2 /* project */ = {
			isa = PBXNativeTarget;
			buildConfigurationList = F44D84521FF018C6006E6CA2 /* Build configuration list for PBXNativeTarget "project" */;
			buildPhases = (
				F44D84471FF018C6006E6CA2 /* Sources */,
				F44D84481FF018C6006E6CA2 /* Frameworks */,
				F44D84491FF018C6006E6CA2 /* CopyFiles */,
			);
			buildRules = (
			);
			dependencies = (
			);
			name = project;
			productName = project;
			productReference = F44D844B1FF018C6006E6CA2 /* project */;
			productType = "com.apple.product-type.tool";
		};
/* End PBXNativeTarget section */

/* Begin PBXProject section */
		F44D84431FF018C6006E6CA2 /* Project object */ = {
			isa = PBXProject;
			attributes = {
				LastUpgradeCheck = 0910;
				ORGANIZATIONNAME = "Meltzer apps";
				TargetAttributes = {
					F44D844A1FF018C6006E6CA2 = {
						CreatedOnToolsVersion = 9.1;
						ProvisioningStyle = Automatic;
					};
				};
			};
			buildConfigurationList = F44D84461FF018C6006E6CA2 /* Build configuration list for PBXProject "project" */;
			compatibilityVersion = "Xcode 8.0";
			developmentRegion = en;
			hasScannedForEncodings = 0;
			knownRegions = (
				en,
			);
			mainGroup = F44D84421FF018C6006E6CA2;
			productRefGroup = F44D844C1FF018C6006E6CA2 /* Products */;
			projectDirPath = "";
			projectRoot = "";
			targets = (
				F44D844A1FF018C6006E6CA2 /* project */,
			);
		};
/* End PBXProject section */

/* Begin PBXSourcesBuildPhase section */
		F44D84471FF018C6006E6CA2 /* Sources */ = {
			isa = PBXSourcesBuildPhase;
			buildActionMask = 2147483647;
			files = (
				F44D85371FF01924006E6CA2 /* main.c in Sources */,
				F44D853D1FF01924006E6CA2 /* SPFIARParserUnitTest.c in Sources */,
				F44D85361FF01924006E6CA2 /* SPArrayListUnitTest.c in Sources */,
				F44D853A1FF01924006E6CA2 /* SPMinimax.c in Sources */,
				F44D85381FF01924006E6CA2 /* SPMainAux.c in Sources */,
				F44D853C1FF01924006E6CA2 /* SPMinimaxNode.c in Sources */,
				F44D85391FF01924006E6CA2 /* SPFIARGameUnitTest.c in Sources */,
				F44D853E1FF01924006E6CA2 /* SPFIARGame.c in Sources */,
				F44D85341FF01924006E6CA2 /* SPFIARParser.c in Sources */,
				F44D853B1FF01924006E6CA2 /* SPArrayList.c in Sources */,
				F44D85351FF01924006E6CA2 /* makefile in Sources */,
			);
			runOnlyForDeploymentPostprocessing = 0;
		};
/* End PBXSourcesBuildPhase section */

/* Begin XCBuildConfiguration section */
		F44D84501FF018C6006E6CA2 /* Debug */ = {
			isa = XCBuildConfiguration;
			buildSettings = {
				ALWAYS_SEARCH_USER_PATHS = NO;
				CLANG_ANALYZER_NONNULL = YES;
				CLANG_ANALYZER_NUMBER_OBJECT_CONVERSION = YES_AGGRESSIVE;
				CLANG_CXX_LANGUAGE_STANDARD = "gnu++14";
				CLANG_CXX_LIBRARY = "libc++";
				CLANG_ENABLE_MODULES = YES;
				CLANG_ENABLE_OBJC_ARC = YES;
				CLANG_WARN_BLOCK_CAPTURE_AUTORELEASING = YES;
				CLANG_WARN_BOOL_CONVERSION = YES;
				CLANG_WARN_COMMA = YES;
				CLANG_WARN_CONSTANT_CONVERSION = YES;
				CLANG_WARN_DIRECT_OBJC_ISA_USAGE = YES_ERROR;
				CLANG_WARN_DOCUMENTATION_COMMENTS = YES;
				CLANG_WARN_EMPTY_BODY = YES;
				CLANG_WARN_ENUM_CONVERSION = YES;
				CLANG_WARN_INFINITE_RECURSION = YES;
				CLANG_WARN_INT_CONVERSION = YES;
				CLANG_WARN_NON_LITERAL_NULL_CONVERSION = YES;
				CLANG_WARN_OBJC_LITERAL_CONVERSION = YES;
				CLANG_WARN_OBJC_ROOT_CLASS = YES_ERROR;
				CLANG_WARN_RANGE_LOOP_ANALYSIS = YES;
				CLANG_WARN_STRICT_PROTOTYPES = YES;
				CLANG_WARN_SUSPICIOUS_MOVE = YES;
				CLANG_WARN_UNGUARDED_AVAILABILITY = YES_AGGRESSIVE;
				CLANG_WARN_UNREACHABLE_CODE = YES;
				CLANG_WARN__DUPLICATE_METHOD_MATCH = YES;
				CODE_SIGN_IDENTITY = "Mac Developer";
				COPY_PHASE_STRIP = NO;
				DEBUG_INFORMATION_FORMAT = dwarf;
				ENABLE_STRICT_OBJC_MSGSEND = YES;
				ENABLE_TESTABILITY = YES;
				GCC_C_LANGUAGE_STANDARD = gnu11;
				GCC_DYNAMIC_NO_PIC = NO;
				GCC_NO_COMMON_BLOCKS = YES;
				GCC_OPTIMIZATION_LEVEL = 0;
				GCC_PREPROCESSOR_DEFINITIONS = (
					"DEBUG=1",
					"$(inherited)",
				);
				GCC_WARN_64_TO_32_BIT_CONVERSION = YES;
				GCC_WARN_ABOUT_RETURN_TYPE = YES_ERROR;
				GCC_WARN_UNDECLARED_SELECTOR = YES;
				GCC_WARN_UNINITIALIZED_AUTOS = YES_AGGRESSIVE;
				GCC_WARN_UNUSED_FUNCTION = YES;
				GCC_WARN_UNUSED_VARIABLE = YES;
				MACOSX_DEPLOYMENT_TARGET = 10.12;
				MTL_ENABLE_DEBUG_INFO = YES;
				ONLY_ACTIVE_ARCH = YES;
				SDKROOT = macosx;
			};
			name = Debug;
		};
		F44D84511FF018C6006E6CA2 /* Release */ = {
			isa = XCBuildConfiguration;
			buildSettings = {
				ALWAYS_SEARCH_USER_PATHS = NO;
				CLANG_ANALYZER_NONNULL = YES;
				CLANG_ANALYZER_NUMBER_OBJECT_CONVERSION = YES_AGGRESSIVE;
				CLANG_CXX_LANGUAGE_STANDARD = "gnu++14";
				CLANG_CXX_LIBRARY = "libc++";
				CLANG_ENABLE_MODULES = YES;
				CLANG_ENABLE_OBJC_ARC = YES;
				CLANG_WARN_BLOCK_CAPTURE_AUTORELEASING = YES;
				CLANG_WARN_BOOL_CONVERSION = YES;
				CLANG_WARN_COMMA = YES;
				CLANG_WARN_CONSTANT_CONVERSION = YES;
				CLANG_WARN_DIRECT_OBJC_ISA_USAGE = YES_ERROR;
				CLANG_WARN_DOCUMENTATION_COMMENTS = YES;
				CLANG_WARN_EMPTY_BODY = YES;
				CLANG_WARN_ENUM_CONVERSION = YES;
				CLANG_WARN_INFINITE_RECURSION = YES;
				CLANG_WARN_INT_CONVERSION = YES;
				CLANG_WARN_NON_LITERAL_NULL_CONVERSION = YES;
				CLANG_WARN_OBJC_LITERAL_CONVERSION = YES;
				CLANG_WARN_OBJC_ROOT_CLASS = YES_ERROR;
				CLANG_WARN_RANGE_LOOP_ANALYSIS = YES;
				CLANG_WARN_STRICT_PROTOTYPES = YES;
				CLANG_WARN_SUSPICIOUS_MOVE = YES;
				CLANG_WARN_UNGUARDED_AVAILABILITY = YES_AGGRESSIVE;
				CLANG_WARN_UNREACHABLE_CODE = YES;
				CLANG_WARN__DUPLICATE_METHOD_MATCH = YES;
				CODE_SIGN_IDENTITY = "Mac Developer";
				COPY_PHASE_STRIP = NO;
				DEBUG_INFORMATION_FORMAT = "dwarf-with-dsym";
				ENABLE_NS_ASSERTIONS = NO;
				ENABLE_STRICT_OBJC_MSGSEND = YES;
				GCC_C_LANGUAGE_STANDARD = gnu11;
				GCC_NO_COMMON_BLOCKS = YES;
				GCC_WARN_64_TO_32_BIT_CONVERSION = YES;
				GCC_WARN_ABOUT_RETURN_TYPE = YES_ERROR;
				GCC_WARN_UNDECLARED_SELECTOR = YES;
				GCC_WARN_UNINITIALIZED_AUTOS = YES_AGGRESSIVE;
				GCC_WARN_UNUSED_FUNCTION = YES;
				GCC_WARN_UNUSED_VARIABLE = YES;
				MACOSX_DEPLOYMENT_TARGET = 10.12;
				MTL_ENABLE_DEBUG_INFO = NO;
				SDKROOT = macosx;
			};
			name = Release;
		};
		F44D84531FF018C6006E6CA2 /* Debug */ = {
			isa = XCBuildConfiguration;
			buildSettings = {
				CODE_SIGN_STYLE = Automatic;
				DEVELOPMENT_TEAM = 65Y9Z98NC6;
				PRODUCT_NAME = "$(TARGET_NAME)";
			};
			name = Debug;
		};
		F44D84541FF018C6006E6CA2 /* Release */ = {
			isa = XCBuildConfiguration;
			buildSettings = {
				CODE_SIGN_STYLE = Automatic;
				DEVELOPMENT_TEAM = 65Y9Z98NC6;
				PRODUCT_NAME = "$(TARGET_NAME)";
			};
			name = Release;
		};
/* End XCBuildConfiguration section */

/* Begin XCConfigurationList section */
		F44D84461FF018C6006E6CA2 /* Build configuration list for PBXProject "project" */ = {
			isa = XCConfigurationList;
			buildConfigurations = (
				F44D84501FF018C6006E6CA2 /* Debug */,
				F44D84511FF018C6006E6CA2 /* Release */,
			);
			defaultConfigurationIsVisible = 0;
			defaultConfigurationName = Release;
		};
		F44D84521FF018C6006E6CA2 /* Build configuration list for PBXNativeTarget "project" */ = {
			isa = XCConfigurationList;
			buildConfigurations = (
				F44D84531FF018C6006E6CA2 /* Debug */,
				F44D84541FF018C6006E6CA2 /* Release */,
			);
			defaultConfigurationIsVisible = 0;
			defaultConfigurationName = Release;
		};
/* End XCConfigurationList section */
	};
	rootObject = F44D84431FF018C6006E6CA2 /* Project object */;
}
